
Microsoft Visual Studio Solution File, Format Version 12.00
# Visual Studio 15
VisualStudioVersion = 15.0.28307.271
MinimumVisualStudioVersion = 10.0.40219.1
Project("{FAE04EC0-301F-11D3-BF4B-00C04F79EFBC}") = "app.Android", "app\app.Android\app.Android.csproj", "{09F0504D-34FC-4FB2-A586-52CAE534872E}"
EndProject
Project("{D954291E-2A0B-460D-934E-DC6B0785DB48}") = "app", "app\app\app.shproj", "{6B9A7342-8714-4FCE-8FE5-664BD469634D}"
EndProject
Global
	GlobalSection(SharedMSBuildProjectFiles) = preSolution
		app\app\app.projitems*{09f0504d-34fc-4fb2-a586-52cae534872e}*SharedItemsImports = 4
		app\app\app.projitems*{6b9a7342-8714-4fce-8fe5-664bd469634d}*SharedItemsImports = 13
	EndGlobalSection
	GlobalSection(SolutionConfigurationPlatforms) = preSolution
		Debug|Any CPU = Debug|Any CPU
		Release|Any CPU = Release|Any CPU
	EndGlobalSection
	GlobalSection(ProjectConfigurationPlatforms) = postSolution
		{09F0504D-34FC-4FB2-A586-52CAE534872E}.Debug|Any CPU.ActiveCfg = Debug|Any CPU
		{09F0504D-34FC-4FB2-A586-52CAE534872E}.Debug|Any CPU.Build.0 = Debug|Any CPU
		{09F0504D-34FC-4FB2-A586-52CAE534872E}.Debug|Any CPU.Deploy.0 = Debug|Any CPU
		{09F0504D-34FC-4FB2-A586-52CAE534872E}.Release|Any CPU.ActiveCfg = Release|Any CPU
		{09F0504D-34FC-4FB2-A586-52CAE534872E}.Release|Any CPU.Build.0 = Release|Any CPU
		{09F0504D-34FC-4FB2-A586-52CAE534872E}.Release|Any CPU.Deploy.0 = Release|Any CPU
	EndGlobalSection
	GlobalSection(SolutionProperties) = preSolution
		HideSolutionNode = FALSE
	EndGlobalSection
	GlobalSection(ExtensibilityGlobals) = postSolution
		SolutionGuid = {45BB3D70-4B3E-4498-9486-33663384DEF8}
	EndGlobalSection
EndGlobal
