
Microsoft Visual Studio Solution File, Format Version 12.00
# Visual Studio Version 16
VisualStudioVersion = 16.0.28621.142
MinimumVisualStudioVersion = 10.0.40219.1
Project("{FAE04EC0-301F-11D3-BF4B-00C04F79EFBC}") = "XAStartUp", "XAStartUp\XAStartUp.csproj", "{3BC0AC7E-3B3B-4D3F-9CC0-B2BDECC460A6}"
EndProject
Project("{D954291E-2A0B-460D-934E-DC6B0785DB48}") = "XFStartUp", "XFStartUp\XFStartUp\XFStartUp.shproj", "{33F1D85C-B646-47B9-A563-61AF0BC2F498}"
EndProject
Project("{FAE04EC0-301F-11D3-BF4B-00C04F79EFBC}") = "XFStartUp.Android", "XFStartUp\XFStartUp.Android\XFStartUp.Android.csproj", "{E952EBE2-AB0D-4814-829E-775881D18FE3}"
EndProject
Project("{FAE04EC0-301F-11D3-BF4B-00C04F79EFBC}") = "XFMinUp.Android", "XFMinUp\XFMinUp.Android\XFMinUp.Android.csproj", "{920A30AB-A2B8-4EE4-8D34-1036482A3EED}"
EndProject
Project("{D954291E-2A0B-460D-934E-DC6B0785DB48}") = "XFMinUp", "XFMinUp\XFMinUp\XFMinUp.shproj", "{739B2198-2F45-4899-A4F4-A65B5A318E1F}"
EndProject
Project("{2150E333-8FDC-42A3-9474-1A3956D46DE8}") = "XF", "XF", "{CB6BF8DC-4EB2-429B-80D0-214CDCD47232}"
EndProject
Project("{FAE04EC0-301F-11D3-BF4B-00C04F79EFBC}") = "XFAotUp.Android", "XFAotUp\XFAotUp.Android\XFAotUp.Android.csproj", "{CCB401F4-5364-44EC-8B0D-82D392CD421A}"
EndProject
Project("{D954291E-2A0B-460D-934E-DC6B0785DB48}") = "XFAotUp", "XFAotUp\XFAotUp\XFAotUp.shproj", "{1BA222E4-18B3-42A2-A45C-ABC782639FB2}"
EndProject
Project("{FAE04EC0-301F-11D3-BF4B-00C04F79EFBC}") = "XAAotUp", "XAAotUp\XAAotUp.csproj", "{4ED19C5F-FB66-4ED4-91AD-13155BCB3AFD}"
EndProject
Project("{FAE04EC0-301F-11D3-BF4B-00C04F79EFBC}") = "XFFastUp.Android", "XFMinUp\XFFastUp.Android\XFFastUp.Android.csproj", "{09B4FB5B-72F4-402E-BB93-E6E68F92B17A}"
EndProject
Project("{FAE04EC0-301F-11D3-BF4B-00C04F79EFBC}") = "XFShellUp.Android", "XFShellUp\XFShellUp.Android\XFShellUp.Android.csproj", "{61096727-5162-4C7A-980A-99908E0691A9}"
EndProject
Project("{9A19103F-16F7-4668-BE54-9A1E7A4F7556}") = "XFShellUp", "XFShellUp\XFShellUp\XFShellUp.csproj", "{2F160A14-9F0C-411F-A79C-E1C481DF516B}"
EndProject
Global
	GlobalSection(SharedMSBuildProjectFiles) = preSolution
		XFMinUp\XFMinUp\XFMinUp.projitems*{09b4fb5b-72f4-402e-bb93-e6e68f92b17a}*SharedItemsImports = 4
		XFAotUp\XFAotUp\XFAotUp.projitems*{1ba222e4-18b3-42a2-a45c-abc782639fb2}*SharedItemsImports = 13
		XFStartUp\XFStartUp\XFStartUp.projitems*{33f1d85c-b646-47b9-a563-61af0bc2f498}*SharedItemsImports = 13
		XFMinUp\XFMinUp\XFMinUp.projitems*{739b2198-2f45-4899-a4f4-a65b5a318e1f}*SharedItemsImports = 13
		XFMinUp\XFMinUp\XFMinUp.projitems*{920a30ab-a2b8-4ee4-8d34-1036482a3eed}*SharedItemsImports = 4
		XFAotUp\XFAotUp\XFAotUp.projitems*{ccb401f4-5364-44ec-8b0d-82d392cd421a}*SharedItemsImports = 4
		XFStartUp\XFStartUp\XFStartUp.projitems*{e952ebe2-ab0d-4814-829e-775881d18fe3}*SharedItemsImports = 4
	EndGlobalSection
	GlobalSection(SolutionConfigurationPlatforms) = preSolution
		Debug|Any CPU = Debug|Any CPU
		Release|Any CPU = Release|Any CPU
	EndGlobalSection
	GlobalSection(ProjectConfigurationPlatforms) = postSolution
		{3BC0AC7E-3B3B-4D3F-9CC0-B2BDECC460A6}.Debug|Any CPU.ActiveCfg = Debug|Any CPU
		{3BC0AC7E-3B3B-4D3F-9CC0-B2BDECC460A6}.Debug|Any CPU.Build.0 = Debug|Any CPU
		{3BC0AC7E-3B3B-4D3F-9CC0-B2BDECC460A6}.Debug|Any CPU.Deploy.0 = Debug|Any CPU
		{3BC0AC7E-3B3B-4D3F-9CC0-B2BDECC460A6}.Release|Any CPU.ActiveCfg = Release|Any CPU
		{3BC0AC7E-3B3B-4D3F-9CC0-B2BDECC460A6}.Release|Any CPU.Build.0 = Release|Any CPU
		{3BC0AC7E-3B3B-4D3F-9CC0-B2BDECC460A6}.Release|Any CPU.Deploy.0 = Release|Any CPU
		{E952EBE2-AB0D-4814-829E-775881D18FE3}.Debug|Any CPU.ActiveCfg = Debug|Any CPU
		{E952EBE2-AB0D-4814-829E-775881D18FE3}.Debug|Any CPU.Build.0 = Debug|Any CPU
		{E952EBE2-AB0D-4814-829E-775881D18FE3}.Debug|Any CPU.Deploy.0 = Debug|Any CPU
		{E952EBE2-AB0D-4814-829E-775881D18FE3}.Release|Any CPU.ActiveCfg = Release|Any CPU
		{E952EBE2-AB0D-4814-829E-775881D18FE3}.Release|Any CPU.Build.0 = Release|Any CPU
		{E952EBE2-AB0D-4814-829E-775881D18FE3}.Release|Any CPU.Deploy.0 = Release|Any CPU
		{920A30AB-A2B8-4EE4-8D34-1036482A3EED}.Debug|Any CPU.ActiveCfg = Debug|Any CPU
		{920A30AB-A2B8-4EE4-8D34-1036482A3EED}.Debug|Any CPU.Build.0 = Debug|Any CPU
		{920A30AB-A2B8-4EE4-8D34-1036482A3EED}.Debug|Any CPU.Deploy.0 = Debug|Any CPU
		{920A30AB-A2B8-4EE4-8D34-1036482A3EED}.Release|Any CPU.ActiveCfg = Release|Any CPU
		{920A30AB-A2B8-4EE4-8D34-1036482A3EED}.Release|Any CPU.Build.0 = Release|Any CPU
		{920A30AB-A2B8-4EE4-8D34-1036482A3EED}.Release|Any CPU.Deploy.0 = Release|Any CPU
		{CCB401F4-5364-44EC-8B0D-82D392CD421A}.Debug|Any CPU.ActiveCfg = Debug|Any CPU
		{CCB401F4-5364-44EC-8B0D-82D392CD421A}.Debug|Any CPU.Build.0 = Debug|Any CPU
		{CCB401F4-5364-44EC-8B0D-82D392CD421A}.Debug|Any CPU.Deploy.0 = Debug|Any CPU
		{CCB401F4-5364-44EC-8B0D-82D392CD421A}.Release|Any CPU.ActiveCfg = Release|Any CPU
		{CCB401F4-5364-44EC-8B0D-82D392CD421A}.Release|Any CPU.Build.0 = Release|Any CPU
		{CCB401F4-5364-44EC-8B0D-82D392CD421A}.Release|Any CPU.Deploy.0 = Release|Any CPU
		{4ED19C5F-FB66-4ED4-91AD-13155BCB3AFD}.Debug|Any CPU.ActiveCfg = Debug|Any CPU
		{4ED19C5F-FB66-4ED4-91AD-13155BCB3AFD}.Debug|Any CPU.Build.0 = Debug|Any CPU
		{4ED19C5F-FB66-4ED4-91AD-13155BCB3AFD}.Debug|Any CPU.Deploy.0 = Debug|Any CPU
		{4ED19C5F-FB66-4ED4-91AD-13155BCB3AFD}.Release|Any CPU.ActiveCfg = Release|Any CPU
		{4ED19C5F-FB66-4ED4-91AD-13155BCB3AFD}.Release|Any CPU.Build.0 = Release|Any CPU
		{4ED19C5F-FB66-4ED4-91AD-13155BCB3AFD}.Release|Any CPU.Deploy.0 = Release|Any CPU
		{09B4FB5B-72F4-402E-BB93-E6E68F92B17A}.Debug|Any CPU.ActiveCfg = Debug|Any CPU
		{09B4FB5B-72F4-402E-BB93-E6E68F92B17A}.Debug|Any CPU.Build.0 = Debug|Any CPU
		{09B4FB5B-72F4-402E-BB93-E6E68F92B17A}.Debug|Any CPU.Deploy.0 = Debug|Any CPU
		{09B4FB5B-72F4-402E-BB93-E6E68F92B17A}.Release|Any CPU.ActiveCfg = Release|Any CPU
		{09B4FB5B-72F4-402E-BB93-E6E68F92B17A}.Release|Any CPU.Build.0 = Release|Any CPU
		{09B4FB5B-72F4-402E-BB93-E6E68F92B17A}.Release|Any CPU.Deploy.0 = Release|Any CPU
		{61096727-5162-4C7A-980A-99908E0691A9}.Debug|Any CPU.ActiveCfg = Debug|Any CPU
		{61096727-5162-4C7A-980A-99908E0691A9}.Debug|Any CPU.Build.0 = Debug|Any CPU
		{61096727-5162-4C7A-980A-99908E0691A9}.Debug|Any CPU.Deploy.0 = Debug|Any CPU
		{61096727-5162-4C7A-980A-99908E0691A9}.Release|Any CPU.ActiveCfg = Release|Any CPU
		{61096727-5162-4C7A-980A-99908E0691A9}.Release|Any CPU.Build.0 = Release|Any CPU
		{61096727-5162-4C7A-980A-99908E0691A9}.Release|Any CPU.Deploy.0 = Release|Any CPU
		{2F160A14-9F0C-411F-A79C-E1C481DF516B}.Debug|Any CPU.ActiveCfg = Debug|Any CPU
		{2F160A14-9F0C-411F-A79C-E1C481DF516B}.Debug|Any CPU.Build.0 = Debug|Any CPU
		{2F160A14-9F0C-411F-A79C-E1C481DF516B}.Release|Any CPU.ActiveCfg = Release|Any CPU
		{2F160A14-9F0C-411F-A79C-E1C481DF516B}.Release|Any CPU.Build.0 = Release|Any CPU
	EndGlobalSection
	GlobalSection(SolutionProperties) = preSolution
		HideSolutionNode = FALSE
	EndGlobalSection
	GlobalSection(NestedProjects) = preSolution
		{33F1D85C-B646-47B9-A563-61AF0BC2F498} = {CB6BF8DC-4EB2-429B-80D0-214CDCD47232}
		{E952EBE2-AB0D-4814-829E-775881D18FE3} = {CB6BF8DC-4EB2-429B-80D0-214CDCD47232}
		{920A30AB-A2B8-4EE4-8D34-1036482A3EED} = {CB6BF8DC-4EB2-429B-80D0-214CDCD47232}
		{739B2198-2F45-4899-A4F4-A65B5A318E1F} = {CB6BF8DC-4EB2-429B-80D0-214CDCD47232}
		{CCB401F4-5364-44EC-8B0D-82D392CD421A} = {CB6BF8DC-4EB2-429B-80D0-214CDCD47232}
		{1BA222E4-18B3-42A2-A45C-ABC782639FB2} = {CB6BF8DC-4EB2-429B-80D0-214CDCD47232}
		{09B4FB5B-72F4-402E-BB93-E6E68F92B17A} = {CB6BF8DC-4EB2-429B-80D0-214CDCD47232}
		{61096727-5162-4C7A-980A-99908E0691A9} = {CB6BF8DC-4EB2-429B-80D0-214CDCD47232}
	EndGlobalSection
	GlobalSection(ExtensibilityGlobals) = postSolution
		SolutionGuid = {80644DEB-5D7F-48C9-9DB6-5131F5CB92B9}
	EndGlobalSection
EndGlobal
