
Microsoft Visual Studio Solution File, Format Version 12.00
# Visual Studio 15
VisualStudioVersion = 15.0.28307.271
MinimumVisualStudioVersion = 10.0.40219.1
Project("{FAE04EC0-301F-11D3-BF4B-00C04F79EFBC}") = "XFStartUp.Android", "XFStartUp.Android\XFStartUp.Android.csproj", "{E952EBE2-AB0D-4814-829E-775881D18FE3}"
EndProject
Project("{D954291E-2A0B-460D-934E-DC6B0785DB48}") = "XFStartUp", "XFStartUp\XFStartUp.shproj", "{33F1D85C-B646-47B9-A563-61AF0BC2F498}"
EndProject
Global
	GlobalSection(SharedMSBuildProjectFiles) = preSolution
		XFStartUp\XFStartUp.projitems*{33f1d85c-b646-47b9-a563-61af0bc2f498}*SharedItemsImports = 13
		XFStartUp\XFStartUp.projitems*{e952ebe2-ab0d-4814-829e-775881d18fe3}*SharedItemsImports = 4
	EndGlobalSection
	GlobalSection(SolutionConfigurationPlatforms) = preSolution
		Debug|Any CPU = Debug|Any CPU
		Release|Any CPU = Release|Any CPU
	EndGlobalSection
	GlobalSection(ProjectConfigurationPlatforms) = postSolution
		{E952EBE2-AB0D-4814-829E-775881D18FE3}.Debug|Any CPU.ActiveCfg = Debug|Any CPU
		{E952EBE2-AB0D-4814-829E-775881D18FE3}.Debug|Any CPU.Build.0 = Debug|Any CPU
		{E952EBE2-AB0D-4814-829E-775881D18FE3}.Debug|Any CPU.Deploy.0 = Debug|Any CPU
		{E952EBE2-AB0D-4814-829E-775881D18FE3}.Release|Any CPU.ActiveCfg = Release|Any CPU
		{E952EBE2-AB0D-4814-829E-775881D18FE3}.Release|Any CPU.Build.0 = Release|Any CPU
		{E952EBE2-AB0D-4814-829E-775881D18FE3}.Release|Any CPU.Deploy.0 = Release|Any CPU
	EndGlobalSection
	GlobalSection(SolutionProperties) = preSolution
		HideSolutionNode = FALSE
	EndGlobalSection
	GlobalSection(ExtensibilityGlobals) = postSolution
		SolutionGuid = {7DF2FD17-F813-450C-94FA-65625207C3B6}
	EndGlobalSection
EndGlobal
