
Microsoft Visual Studio Solution File, Format Version 12.00
# Visual Studio 15
VisualStudioVersion = 15.0.28307.271
MinimumVisualStudioVersion = 10.0.40219.1
Project("{FAE04EC0-301F-11D3-BF4B-00C04F79EFBC}") = "app", "app\app.csproj", "{82380AD9-556E-4131-91B5-61ECC12C5D3F}"
EndProject
Global
	GlobalSection(SolutionConfigurationPlatforms) = preSolution
		Debug|Any CPU = Debug|Any CPU
		Release|Any CPU = Release|Any CPU
	EndGlobalSection
	GlobalSection(ProjectConfigurationPlatforms) = postSolution
		{82380AD9-556E-4131-91B5-61ECC12C5D3F}.Debug|Any CPU.ActiveCfg = Debug|Any CPU
		{82380AD9-556E-4131-91B5-61ECC12C5D3F}.Debug|Any CPU.Build.0 = Debug|Any CPU
		{82380AD9-556E-4131-91B5-61ECC12C5D3F}.Debug|Any CPU.Deploy.0 = Debug|Any CPU
		{82380AD9-556E-4131-91B5-61ECC12C5D3F}.Release|Any CPU.ActiveCfg = Release|Any CPU
		{82380AD9-556E-4131-91B5-61ECC12C5D3F}.Release|Any CPU.Build.0 = Release|Any CPU
		{82380AD9-556E-4131-91B5-61ECC12C5D3F}.Release|Any CPU.Deploy.0 = Release|Any CPU
	EndGlobalSection
	GlobalSection(SolutionProperties) = preSolution
		HideSolutionNode = FALSE
	EndGlobalSection
	GlobalSection(ExtensibilityGlobals) = postSolution
		SolutionGuid = {1BA92E42-E846-457D-91CA-7DD7D76BC0A9}
	EndGlobalSection
EndGlobal
