
Microsoft Visual Studio Solution File, Format Version 12.00
# Visual Studio 15
VisualStudioVersion = 15.0.28307.271
MinimumVisualStudioVersion = 10.0.40219.1
Project("{FAE04EC0-301F-11D3-BF4B-00C04F79EFBC}") = "template.Android", "template\template.Android\template.Android.csproj", "{DF88B56A-E7F6-41E9-A40B-D2D3E6D70E3C}"
EndProject
Project("{D954291E-2A0B-460D-934E-DC6B0785DB48}") = "template", "template\template\template.shproj", "{8BBF04B9-4D34-49FE-A5AB-3C15972DF556}"
EndProject
Global
	GlobalSection(SharedMSBuildProjectFiles) = preSolution
		template\template\template.projitems*{8bbf04b9-4d34-49fe-a5ab-3c15972df556}*SharedItemsImports = 13
		template\template\template.projitems*{df88b56a-e7f6-41e9-a40b-d2d3e6d70e3c}*SharedItemsImports = 4
	EndGlobalSection
	GlobalSection(SolutionConfigurationPlatforms) = preSolution
		Debug|Any CPU = Debug|Any CPU
		Release|Any CPU = Release|Any CPU
	EndGlobalSection
	GlobalSection(ProjectConfigurationPlatforms) = postSolution
		{DF88B56A-E7F6-41E9-A40B-D2D3E6D70E3C}.Debug|Any CPU.ActiveCfg = Debug|Any CPU
		{DF88B56A-E7F6-41E9-A40B-D2D3E6D70E3C}.Debug|Any CPU.Build.0 = Debug|Any CPU
		{DF88B56A-E7F6-41E9-A40B-D2D3E6D70E3C}.Debug|Any CPU.Deploy.0 = Debug|Any CPU
		{DF88B56A-E7F6-41E9-A40B-D2D3E6D70E3C}.Release|Any CPU.ActiveCfg = Release|Any CPU
		{DF88B56A-E7F6-41E9-A40B-D2D3E6D70E3C}.Release|Any CPU.Build.0 = Release|Any CPU
		{DF88B56A-E7F6-41E9-A40B-D2D3E6D70E3C}.Release|Any CPU.Deploy.0 = Release|Any CPU
	EndGlobalSection
	GlobalSection(SolutionProperties) = preSolution
		HideSolutionNode = FALSE
	EndGlobalSection
	GlobalSection(ExtensibilityGlobals) = postSolution
		SolutionGuid = {9BC2EC02-2277-42BF-8DB1-1487FB02B5AF}
	EndGlobalSection
EndGlobal
